name: Unlock an issue
description: Users with push access can unlock an issue's conversation.
env: null
vars: null
setup: null
tests:
- name: Unlock an issue
  description: Users with push access can unlock an issue's conversation.
  request:
    method: DELETE
    url: https://api.github.com/repos/{owner}/{repo}/issues/{issue_number}/lock
    headers: null
    params: null
    body: null
  expect:
    status: 204
    schema: null
    jsonpath: null
    headers: null
dataset: null
teardown: null
