name: Unblock a user
description: Unblocks the given user and returns a 204.
env: null
vars: null
setup: null
tests:
- name: Unblock a user
  description: Unblocks the given user and returns a 204.
  request:
    method: DELETE
    url: https://api.github.com/user/blocks/{username}
    headers: null
    params: null
    body: null
  expect:
    status: 204
    schema: null
    jsonpath: null
    headers: null
dataset: null
teardown: null
