name: Block a user
description: Blocks the given user and returns a 204. If the authenticated user cannot block the given user a 422 is returned.
env: null
vars: null
setup: null
tests:
- name: Block a user
  description: Blocks the given user and returns a 204. If the authenticated user cannot block the given user a 422 is returned.
  request:
    method: PUT
    url: https://api.github.com/user/blocks/{username}
    headers: null
    params: null
    body: null
  expect:
    status: 204
    schema: null
    jsonpath: null
    headers: null
dataset: null
teardown: null
